
Microsoft Visual Studio Solution File, Format Version 12.00
# Visual Studio Version 16
VisualStudioVersion = 25.0.1703.2
MinimumVisualStudioVersion = 10.0.40219.1
Project("{FAE04EC0-301F-11D3-BF4B-00C04F79EFBC}") = "JoblyWebApi", "JoblyWebApi\JoblyWebApi.csproj", "{57E999FD-8875-4EC7-8257-11CBE2D1DE08}"
EndProject
Project("{FAE04EC0-301F-11D3-BF4B-00C04F79EFBC}") = "Core", "Core\Core.csproj", "{9F285906-2B29-45F3-BC6C-BBA1F3E928A1}"
EndProject
Project("{FAE04EC0-301F-11D3-BF4B-00C04F79EFBC}") = "Business", "Business\Business.csproj", "{2D78CC34-C990-418E-A2AB-662B1E4C5B7D}"
EndProject
Project("{FAE04EC0-301F-11D3-BF4B-00C04F79EFBC}") = "DataAccess", "DataAccess\DataAccess.csproj", "{864AAD4C-5A38-415A-9FF9-53D224C5D7C2}"
EndProject
Project("{FAE04EC0-301F-11D3-BF4B-00C04F79EFBC}") = "Entities", "Entities\Entities.csproj", "{60BEEFF8-046F-4CAC-8D03-9AEBBBFF5FE8}"
EndProject
Global
	GlobalSection(SolutionConfigurationPlatforms) = preSolution
		Debug|Any CPU = Debug|Any CPU
		Release|Any CPU = Release|Any CPU
	EndGlobalSection
	GlobalSection(ProjectConfigurationPlatforms) = postSolution
		{57E999FD-8875-4EC7-8257-11CBE2D1DE08}.Debug|Any CPU.ActiveCfg = Debug|Any CPU
		{57E999FD-8875-4EC7-8257-11CBE2D1DE08}.Debug|Any CPU.Build.0 = Debug|Any CPU
		{57E999FD-8875-4EC7-8257-11CBE2D1DE08}.Release|Any CPU.ActiveCfg = Release|Any CPU
		{57E999FD-8875-4EC7-8257-11CBE2D1DE08}.Release|Any CPU.Build.0 = Release|Any CPU
		{9F285906-2B29-45F3-BC6C-BBA1F3E928A1}.Debug|Any CPU.ActiveCfg = Debug|Any CPU
		{9F285906-2B29-45F3-BC6C-BBA1F3E928A1}.Debug|Any CPU.Build.0 = Debug|Any CPU
		{9F285906-2B29-45F3-BC6C-BBA1F3E928A1}.Release|Any CPU.ActiveCfg = Release|Any CPU
		{9F285906-2B29-45F3-BC6C-BBA1F3E928A1}.Release|Any CPU.Build.0 = Release|Any CPU
		{2D78CC34-C990-418E-A2AB-662B1E4C5B7D}.Debug|Any CPU.ActiveCfg = Debug|Any CPU
		{2D78CC34-C990-418E-A2AB-662B1E4C5B7D}.Debug|Any CPU.Build.0 = Debug|Any CPU
		{2D78CC34-C990-418E-A2AB-662B1E4C5B7D}.Release|Any CPU.ActiveCfg = Release|Any CPU
		{2D78CC34-C990-418E-A2AB-662B1E4C5B7D}.Release|Any CPU.Build.0 = Release|Any CPU
		{864AAD4C-5A38-415A-9FF9-53D224C5D7C2}.Debug|Any CPU.ActiveCfg = Debug|Any CPU
		{864AAD4C-5A38-415A-9FF9-53D224C5D7C2}.Debug|Any CPU.Build.0 = Debug|Any CPU
		{864AAD4C-5A38-415A-9FF9-53D224C5D7C2}.Release|Any CPU.ActiveCfg = Release|Any CPU
		{864AAD4C-5A38-415A-9FF9-53D224C5D7C2}.Release|Any CPU.Build.0 = Release|Any CPU
		{60BEEFF8-046F-4CAC-8D03-9AEBBBFF5FE8}.Debug|Any CPU.ActiveCfg = Debug|Any CPU
		{60BEEFF8-046F-4CAC-8D03-9AEBBBFF5FE8}.Debug|Any CPU.Build.0 = Debug|Any CPU
		{60BEEFF8-046F-4CAC-8D03-9AEBBBFF5FE8}.Release|Any CPU.ActiveCfg = Release|Any CPU
		{60BEEFF8-046F-4CAC-8D03-9AEBBBFF5FE8}.Release|Any CPU.Build.0 = Release|Any CPU
	EndGlobalSection
	GlobalSection(SolutionProperties) = preSolution
		HideSolutionNode = FALSE
	EndGlobalSection
	GlobalSection(ExtensibilityGlobals) = postSolution
		SolutionGuid = {8D994D44-6F20-441B-B27F-A50F030030C4}
	EndGlobalSection
EndGlobal
